
Microsoft Visual Studio Solution File, Format Version 12.00
# Visual Studio 15
VisualStudioVersion = 15.0.27130.2010
MinimumVisualStudioVersion = 10.0.40219.1
Project("{FAE04EC0-301F-11D3-BF4B-00C04F79EFBC}") = "AzureGitLab", "AzureGitLab\AzureGitLab.csproj", "{A485D825-008D-4FF2-A4D6-FDED19CD9DB7}"
EndProject
Global
	GlobalSection(SolutionConfigurationPlatforms) = preSolution
		Debug|Any CPU = Debug|Any CPU
		Release|Any CPU = Release|Any CPU
	EndGlobalSection
	GlobalSection(ProjectConfigurationPlatforms) = postSolution
		{A485D825-008D-4FF2-A4D6-FDED19CD9DB7}.Debug|Any CPU.ActiveCfg = Debug|Any CPU
		{A485D825-008D-4FF2-A4D6-FDED19CD9DB7}.Debug|Any CPU.Build.0 = Debug|Any CPU
		{A485D825-008D-4FF2-A4D6-FDED19CD9DB7}.Release|Any CPU.ActiveCfg = Release|Any CPU
		{A485D825-008D-4FF2-A4D6-FDED19CD9DB7}.Release|Any CPU.Build.0 = Release|Any CPU
	EndGlobalSection
	GlobalSection(SolutionProperties) = preSolution
		HideSolutionNode = FALSE
	EndGlobalSection
	GlobalSection(ExtensibilityGlobals) = postSolution
		SolutionGuid = {E1F0F002-9322-4E80-886A-F7433F0AD774}
	EndGlobalSection
EndGlobal
